// !$*UTF8*$!
{
	archiveVersion = 1;
	classes = {
	};
	objectVersion = 50;
	objects = {

/* Begin PBXBuildFile section */
		3A0EF37725EA833400F96AB3 /* SettingsViewController.swift in Sources */ = {isa = PBXBuildFile; fileRef = 3A0EF37625EA833400F96AB3 /* SettingsViewController.swift */; };
		3A0EF39525ED71E800F96AB3 /* Observable.swift in Sources */ = {isa = PBXBuildFile; fileRef = 3A0EF39425ED71E800F96AB3 /* Observable.swift */; };
		3AB0141025DEF67F006F4C25 /* AppDelegate.swift in Sources */ = {isa = PBXBuildFile; fileRef = 3AB0140F25DEF67F006F4C25 /* AppDelegate.swift */; };
		3AB0141225DEF67F006F4C25 /* SceneDelegate.swift in Sources */ = {isa = PBXBuildFile; fileRef = 3AB0141125DEF67F006F4C25 /* SceneDelegate.swift */; };
		3AB0141725DEF67F006F4C25 /* Main.storyboard in Resources */ = {isa = PBXBuildFile; fileRef = 3AB0141525DEF67F006F4C25 /* Main.storyboard */; };
		3AB0141925DEF682006F4C25 /* Assets.xcassets in Resources */ = {isa = PBXBuildFile; fileRef = 3AB0141825DEF682006F4C25 /* Assets.xcassets */; };
		3AB0141C25DEF682006F4C25 /* LaunchScreen.storyboard in Resources */ = {isa = PBXBuildFile; fileRef = 3AB0141A25DEF682006F4C25 /* LaunchScreen.storyboard */; };
		3AB0144825E3FD36006F4C25 /* GameMenuViewController.swift in Sources */ = {isa = PBXBuildFile; fileRef = 3AB0144725E3FD36006F4C25 /* GameMenuViewController.swift */; };
		3AB0145325E40B6F006F4C25 /* GameViewController.swift in Sources */ = {isa = PBXBuildFile; fileRef = 3AB0145225E40B6F006F4C25 /* GameViewController.swift */; };
		3AB0145625E40EA4006F4C25 /* QuestionProvider.swift in Sources */ = {isa = PBXBuildFile; fileRef = 3AB0145525E40EA4006F4C25 /* QuestionProvider.swift */; };
		3AB0145925E431F2006F4C25 /* AnswerTableViewCell.swift in Sources */ = {isa = PBXBuildFile; fileRef = 3AB0145825E431F2006F4C25 /* AnswerTableViewCell.swift */; };
		3AB0145E25E50BBD006F4C25 /* ScoreViewController.swift in Sources */ = {isa = PBXBuildFile; fileRef = 3AB0145D25E50BBC006F4C25 /* ScoreViewController.swift */; };
		3AB0146325E50CC0006F4C25 /* ScoreTableViewCell.swift in Sources */ = {isa = PBXBuildFile; fileRef = 3AB0146225E50CC0006F4C25 /* ScoreTableViewCell.swift */; };
		3AB0146725E54E42006F4C25 /* Game.swift in Sources */ = {isa = PBXBuildFile; fileRef = 3AB0146625E54E42006F4C25 /* Game.swift */; };
		3AB0146A25E54E52006F4C25 /* GameSession.swift in Sources */ = {isa = PBXBuildFile; fileRef = 3AB0146925E54E52006F4C25 /* GameSession.swift */; };
		3AB0147125E58C7F006F4C25 /* Score.swift in Sources */ = {isa = PBXBuildFile; fileRef = 3AB0147025E58C7F006F4C25 /* Score.swift */; };
		3AB0147425E58D38006F4C25 /* ScoreCaretaker.swift in Sources */ = {isa = PBXBuildFile; fileRef = 3AB0147325E58D38006F4C25 /* ScoreCaretaker.swift */; };
		8BF3173D25ECF6AA00F096E4 /* QuestionStrategySerial.swift in Sources */ = {isa = PBXBuildFile; fileRef = 8BF3173C25ECF6AA00F096E4 /* QuestionStrategySerial.swift */; };
		8BF3174025ECF6B800F096E4 /* QuestionStrategyRandom.swift in Sources */ = {isa = PBXBuildFile; fileRef = 8BF3173F25ECF6B800F096E4 /* QuestionStrategyRandom.swift */; };
		8BF3174625EE337500F096E4 /* EditorViewController.swift in Sources */ = {isa = PBXBuildFile; fileRef = 8BF3174525EE337500F096E4 /* EditorViewController.swift */; };
		8BF3174A25EE450500F096E4 /* QuestionBuilder.swift in Sources */ = {isa = PBXBuildFile; fileRef = 8BF3174925EE450500F096E4 /* QuestionBuilder.swift */; };
		8BF3174D25EE45F200F096E4 /* QuestionCaretaker.swift in Sources */ = {isa = PBXBuildFile; fileRef = 8BF3174C25EE45F200F096E4 /* QuestionCaretaker.swift */; };
/* End PBXBuildFile section */

/* Begin PBXFileReference section */
		3A0EF37625EA833400F96AB3 /* SettingsViewController.swift */ = {isa = PBXFileReference; lastKnownFileType = sourcecode.swift; path = SettingsViewController.swift; sourceTree = "<group>"; };
		3A0EF39425ED71E800F96AB3 /* Observable.swift */ = {isa = PBXFileReference; lastKnownFileType = sourcecode.swift; path = Observable.swift; sourceTree = "<group>"; };
		3AB0140C25DEF67F006F4C25 /* Questionnaire.app */ = {isa = PBXFileReference; explicitFileType = wrapper.application; includeInIndex = 0; path = Questionnaire.app; sourceTree = BUILT_PRODUCTS_DIR; };
		3AB0140F25DEF67F006F4C25 /* AppDelegate.swift */ = {isa = PBXFileReference; lastKnownFileType = sourcecode.swift; path = AppDelegate.swift; sourceTree = "<group>"; };
		3AB0141125DEF67F006F4C25 /* SceneDelegate.swift */ = {isa = PBXFileReference; lastKnownFileType = sourcecode.swift; path = SceneDelegate.swift; sourceTree = "<group>"; };
		3AB0141625DEF67F006F4C25 /* Base */ = {isa = PBXFileReference; lastKnownFileType = file.storyboard; name = Base; path = Base.lproj/Main.storyboard; sourceTree = "<group>"; };
		3AB0141825DEF682006F4C25 /* Assets.xcassets */ = {isa = PBXFileReference; lastKnownFileType = folder.assetcatalog; path = Assets.xcassets; sourceTree = "<group>"; };
		3AB0141B25DEF682006F4C25 /* Base */ = {isa = PBXFileReference; lastKnownFileType = file.storyboard; name = Base; path = Base.lproj/LaunchScreen.storyboard; sourceTree = "<group>"; };
		3AB0141D25DEF682006F4C25 /* Info.plist */ = {isa = PBXFileReference; lastKnownFileType = text.plist.xml; path = Info.plist; sourceTree = "<group>"; };
		3AB0144725E3FD36006F4C25 /* GameMenuViewController.swift */ = {isa = PBXFileReference; lastKnownFileType = sourcecode.swift; path = GameMenuViewController.swift; sourceTree = "<group>"; };
		3AB0145225E40B6F006F4C25 /* GameViewController.swift */ = {isa = PBXFileReference; lastKnownFileType = sourcecode.swift; path = GameViewController.swift; sourceTree = "<group>"; };
		3AB0145525E40EA4006F4C25 /* QuestionProvider.swift */ = {isa = PBXFileReference; lastKnownFileType = sourcecode.swift; path = QuestionProvider.swift; sourceTree = "<group>"; };
		3AB0145825E431F2006F4C25 /* AnswerTableViewCell.swift */ = {isa = PBXFileReference; lastKnownFileType = sourcecode.swift; path = AnswerTableViewCell.swift; sourceTree = "<group>"; };
		3AB0145D25E50BBC006F4C25 /* ScoreViewController.swift */ = {isa = PBXFileReference; lastKnownFileType = sourcecode.swift; path = ScoreViewController.swift; sourceTree = "<group>"; };
		3AB0146225E50CC0006F4C25 /* ScoreTableViewCell.swift */ = {isa = PBXFileReference; lastKnownFileType = sourcecode.swift; path = ScoreTableViewCell.swift; sourceTree = "<group>"; };
		3AB0146625E54E42006F4C25 /* Game.swift */ = {isa = PBXFileReference; lastKnownFileType = sourcecode.swift; path = Game.swift; sourceTree = "<group>"; };
		3AB0146925E54E52006F4C25 /* GameSession.swift */ = {isa = PBXFileReference; lastKnownFileType = sourcecode.swift; path = GameSession.swift; sourceTree = "<group>"; };
		3AB0147025E58C7F006F4C25 /* Score.swift */ = {isa = PBXFileReference; lastKnownFileType = sourcecode.swift; path = Score.swift; sourceTree = "<group>"; };
		3AB0147325E58D38006F4C25 /* ScoreCaretaker.swift */ = {isa = PBXFileReference; lastKnownFileType = sourcecode.swift; path = ScoreCaretaker.swift; sourceTree = "<group>"; };
		8BF3173C25ECF6AA00F096E4 /* QuestionStrategySerial.swift */ = {isa = PBXFileReference; lastKnownFileType = sourcecode.swift; path = QuestionStrategySerial.swift; sourceTree = "<group>"; };
		8BF3173F25ECF6B800F096E4 /* QuestionStrategyRandom.swift */ = {isa = PBXFileReference; lastKnownFileType = sourcecode.swift; path = QuestionStrategyRandom.swift; sourceTree = "<group>"; };
		8BF3174525EE337500F096E4 /* EditorViewController.swift */ = {isa = PBXFileReference; lastKnownFileType = sourcecode.swift; path = EditorViewController.swift; sourceTree = "<group>"; };
		8BF3174925EE450500F096E4 /* QuestionBuilder.swift */ = {isa = PBXFileReference; lastKnownFileType = sourcecode.swift; path = QuestionBuilder.swift; sourceTree = "<group>"; };
		8BF3174C25EE45F200F096E4 /* QuestionCaretaker.swift */ = {isa = PBXFileReference; lastKnownFileType = sourcecode.swift; path = QuestionCaretaker.swift; sourceTree = "<group>"; };
/* End PBXFileReference section */

/* Begin PBXFrameworksBuildPhase section */
		3AB0140925DEF67E006F4C25 /* Frameworks */ = {
			isa = PBXFrameworksBuildPhase;
			buildActionMask = 2147483647;
			files = (
			);
			runOnlyForDeploymentPostprocessing = 0;
		};
/* End PBXFrameworksBuildPhase section */

/* Begin PBXGroup section */
		3A0EF36E25EA7A7300F96AB3 /* Settings */ = {
			isa = PBXGroup;
			children = (
				8BF3174425EE32D400F096E4 /* Controller */,
			);
			path = Settings;
			sourceTree = "<group>";
		};
		3A0EF36F25EA7B7700F96AB3 /* Model */ = {
			isa = PBXGroup;
			children = (
				3AB0146625E54E42006F4C25 /* Game.swift */,
				3AB0146925E54E52006F4C25 /* GameSession.swift */,
				3AB0145525E40EA4006F4C25 /* QuestionProvider.swift */,
				8BF3173C25ECF6AA00F096E4 /* QuestionStrategySerial.swift */,
				8BF3173F25ECF6B800F096E4 /* QuestionStrategyRandom.swift */,
				8BF3174925EE450500F096E4 /* QuestionBuilder.swift */,
				8BF3174C25EE45F200F096E4 /* QuestionCaretaker.swift */,
			);
			path = Model;
			sourceTree = "<group>";
		};
		3A0EF37025EA7B8100F96AB3 /* View */ = {
			isa = PBXGroup;
			children = (
				3AB0145825E431F2006F4C25 /* AnswerTableViewCell.swift */,
			);
			path = View;
			sourceTree = "<group>";
		};
		3A0EF37125EA7B8700F96AB3 /* Controller */ = {
			isa = PBXGroup;
			children = (
				3AB0145225E40B6F006F4C25 /* GameViewController.swift */,
			);
			path = Controller;
			sourceTree = "<group>";
		};
		3A0EF37225EA7B9D00F96AB3 /* Controller */ = {
			isa = PBXGroup;
			children = (
				3AB0145D25E50BBC006F4C25 /* ScoreViewController.swift */,
			);
			path = Controller;
			sourceTree = "<group>";
		};
		3A0EF37325EA7BA800F96AB3 /* View */ = {
			isa = PBXGroup;
			children = (
				3AB0146225E50CC0006F4C25 /* ScoreTableViewCell.swift */,
			);
			path = View;
			sourceTree = "<group>";
		};
		3A0EF37425EA7BAE00F96AB3 /* Model */ = {
			isa = PBXGroup;
			children = (
				3AB0147025E58C7F006F4C25 /* Score.swift */,
				3AB0147325E58D38006F4C25 /* ScoreCaretaker.swift */,
			);
			path = Model;
			sourceTree = "<group>";
		};
		3AB0140325DEF67E006F4C25 = {
			isa = PBXGroup;
			children = (
				3AB0140E25DEF67F006F4C25 /* Questionnaire */,
				3AB0140D25DEF67F006F4C25 /* Products */,
			);
			sourceTree = "<group>";
		};
		3AB0140D25DEF67F006F4C25 /* Products */ = {
			isa = PBXGroup;
			children = (
				3AB0140C25DEF67F006F4C25 /* Questionnaire.app */,
			);
			name = Products;
			sourceTree = "<group>";
		};
		3AB0140E25DEF67F006F4C25 /* Questionnaire */ = {
			isa = PBXGroup;
			children = (
				8BF3173925ECEAAC00F096E4 /* Application */,
				3A0EF36E25EA7A7300F96AB3 /* Settings */,
				3AB0146125E50CA4006F4C25 /* Score */,
				3AB0145B25E431F9006F4C25 /* Game */,
				3AB0141825DEF682006F4C25 /* Assets.xcassets */,
				3AB0141D25DEF682006F4C25 /* Info.plist */,
			);
			path = Questionnaire;
			sourceTree = "<group>";
		};
		3AB0145B25E431F9006F4C25 /* Game */ = {
			isa = PBXGroup;
			children = (
				3A0EF36F25EA7B7700F96AB3 /* Model */,
				3A0EF37025EA7B8100F96AB3 /* View */,
				3A0EF37125EA7B8700F96AB3 /* Controller */,
			);
			path = Game;
			sourceTree = "<group>";
		};
		3AB0146125E50CA4006F4C25 /* Score */ = {
			isa = PBXGroup;
			children = (
				3A0EF37425EA7BAE00F96AB3 /* Model */,
				3A0EF37325EA7BA800F96AB3 /* View */,
				3A0EF37225EA7B9D00F96AB3 /* Controller */,
			);
			path = Score;
			sourceTree = "<group>";
		};
		8BF3173925ECEAAC00F096E4 /* Application */ = {
			isa = PBXGroup;
			children = (
				3A0EF39425ED71E800F96AB3 /* Observable.swift */,
				3AB0140F25DEF67F006F4C25 /* AppDelegate.swift */,
				3AB0144725E3FD36006F4C25 /* GameMenuViewController.swift */,
				3AB0141125DEF67F006F4C25 /* SceneDelegate.swift */,
				3AB0141525DEF67F006F4C25 /* Main.storyboard */,
				3AB0141A25DEF682006F4C25 /* LaunchScreen.storyboard */,
			);
			path = Application;
			sourceTree = "<group>";
		};
		8BF3174425EE32D400F096E4 /* Controller */ = {
			isa = PBXGroup;
			children = (
				3A0EF37625EA833400F96AB3 /* SettingsViewController.swift */,
				8BF3174525EE337500F096E4 /* EditorViewController.swift */,
			);
			path = Controller;
			sourceTree = "<group>";
		};
/* End PBXGroup section */

/* Begin PBXNativeTarget section */
		3AB0140B25DEF67E006F4C25 /* Questionnaire */ = {
			isa = PBXNativeTarget;
			buildConfigurationList = 3AB0142025DEF682006F4C25 /* Build configuration list for PBXNativeTarget "Questionnaire" */;
			buildPhases = (
				3AB0140825DEF67E006F4C25 /* Sources */,
				3AB0140925DEF67E006F4C25 /* Frameworks */,
				3AB0140A25DEF67E006F4C25 /* Resources */,
			);
			buildRules = (
			);
			dependencies = (
			);
			name = Questionnaire;
			productName = Questionnaire;
			productReference = 3AB0140C25DEF67F006F4C25 /* Questionnaire.app */;
			productType = "com.apple.product-type.application";
		};
/* End PBXNativeTarget section */

/* Begin PBXProject section */
		3AB0140425DEF67E006F4C25 /* Project object */ = {
			isa = PBXProject;
			attributes = {
				LastSwiftUpdateCheck = 1240;
				LastUpgradeCheck = 1240;
				TargetAttributes = {
					3AB0140B25DEF67E006F4C25 = {
						CreatedOnToolsVersion = 12.4;
					};
				};
			};
			buildConfigurationList = 3AB0140725DEF67E006F4C25 /* Build configuration list for PBXProject "Questionnaire" */;
			compatibilityVersion = "Xcode 9.3";
			developmentRegion = en;
			hasScannedForEncodings = 0;
			knownRegions = (
				en,
				Base,
			);
			mainGroup = 3AB0140325DEF67E006F4C25;
			productRefGroup = 3AB0140D25DEF67F006F4C25 /* Products */;
			projectDirPath = "";
			projectRoot = "";
			targets = (
				3AB0140B25DEF67E006F4C25 /* Questionnaire */,
			);
		};
/* End PBXProject section */

/* Begin PBXResourcesBuildPhase section */
		3AB0140A25DEF67E006F4C25 /* Resources */ = {
			isa = PBXResourcesBuildPhase;
			buildActionMask = 2147483647;
			files = (
				3AB0141C25DEF682006F4C25 /* LaunchScreen.storyboard in Resources */,
				3AB0141925DEF682006F4C25 /* Assets.xcassets in Resources */,
				3AB0141725DEF67F006F4C25 /* Main.storyboard in Resources */,
			);
			runOnlyForDeploymentPostprocessing = 0;
		};
/* End PBXResourcesBuildPhase section */

/* Begin PBXSourcesBuildPhase section */
		3AB0140825DEF67E006F4C25 /* Sources */ = {
			isa = PBXSourcesBuildPhase;
			buildActionMask = 2147483647;
			files = (
				3A0EF39525ED71E800F96AB3 /* Observable.swift in Sources */,
				8BF3173D25ECF6AA00F096E4 /* QuestionStrategySerial.swift in Sources */,
				3AB0145E25E50BBD006F4C25 /* ScoreViewController.swift in Sources */,
				3AB0147425E58D38006F4C25 /* ScoreCaretaker.swift in Sources */,
				3AB0146725E54E42006F4C25 /* Game.swift in Sources */,
				3AB0146A25E54E52006F4C25 /* GameSession.swift in Sources */,
				3AB0145325E40B6F006F4C25 /* GameViewController.swift in Sources */,
				8BF3174025ECF6B800F096E4 /* QuestionStrategyRandom.swift in Sources */,
				3AB0146325E50CC0006F4C25 /* ScoreTableViewCell.swift in Sources */,
				8BF3174D25EE45F200F096E4 /* QuestionCaretaker.swift in Sources */,
				8BF3174A25EE450500F096E4 /* QuestionBuilder.swift in Sources */,
				3AB0145925E431F2006F4C25 /* AnswerTableViewCell.swift in Sources */,
				3AB0141025DEF67F006F4C25 /* AppDelegate.swift in Sources */,
				3AB0144825E3FD36006F4C25 /* GameMenuViewController.swift in Sources */,
				3AB0141225DEF67F006F4C25 /* SceneDelegate.swift in Sources */,
				3A0EF37725EA833400F96AB3 /* SettingsViewController.swift in Sources */,
				3AB0147125E58C7F006F4C25 /* Score.swift in Sources */,
				3AB0145625E40EA4006F4C25 /* QuestionProvider.swift in Sources */,
				8BF3174625EE337500F096E4 /* EditorViewController.swift in Sources */,
			);
			runOnlyForDeploymentPostprocessing = 0;
		};
/* End PBXSourcesBuildPhase section */

/* Begin PBXVariantGroup section */
		3AB0141525DEF67F006F4C25 /* Main.storyboard */ = {
			isa = PBXVariantGroup;
			children = (
				3AB0141625DEF67F006F4C25 /* Base */,
			);
			name = Main.storyboard;
			sourceTree = "<group>";
		};
		3AB0141A25DEF682006F4C25 /* LaunchScreen.storyboard */ = {
			isa = PBXVariantGroup;
			children = (
				3AB0141B25DEF682006F4C25 /* Base */,
			);
			name = LaunchScreen.storyboard;
			sourceTree = "<group>";
		};
/* End PBXVariantGroup section */

/* Begin XCBuildConfiguration section */
		3AB0141E25DEF682006F4C25 /* Debug */ = {
			isa = XCBuildConfiguration;
			buildSettings = {
				ALWAYS_SEARCH_USER_PATHS = NO;
				CLANG_ANALYZER_NONNULL = YES;
				CLANG_ANALYZER_NUMBER_OBJECT_CONVERSION = YES_AGGRESSIVE;
				CLANG_CXX_LANGUAGE_STANDARD = "gnu++14";
				CLANG_CXX_LIBRARY = "libc++";
				CLANG_ENABLE_MODULES = YES;
				CLANG_ENABLE_OBJC_ARC = YES;
				CLANG_ENABLE_OBJC_WEAK = YES;
				CLANG_WARN_BLOCK_CAPTURE_AUTORELEASING = YES;
				CLANG_WARN_BOOL_CONVERSION = YES;
				CLANG_WARN_COMMA = YES;
				CLANG_WARN_CONSTANT_CONVERSION = YES;
				CLANG_WARN_DEPRECATED_OBJC_IMPLEMENTATIONS = YES;
				CLANG_WARN_DIRECT_OBJC_ISA_USAGE = YES_ERROR;
				CLANG_WARN_DOCUMENTATION_COMMENTS = YES;
				CLANG_WARN_EMPTY_BODY = YES;
				CLANG_WARN_ENUM_CONVERSION = YES;
				CLANG_WARN_INFINITE_RECURSION = YES;
				CLANG_WARN_INT_CONVERSION = YES;
				CLANG_WARN_NON_LITERAL_NULL_CONVERSION = YES;
				CLANG_WARN_OBJC_IMPLICIT_RETAIN_SELF = YES;
				CLANG_WARN_OBJC_LITERAL_CONVERSION = YES;
				CLANG_WARN_OBJC_ROOT_CLASS = YES_ERROR;
				CLANG_WARN_QUOTED_INCLUDE_IN_FRAMEWORK_HEADER = YES;
				CLANG_WARN_RANGE_LOOP_ANALYSIS = YES;
				CLANG_WARN_STRICT_PROTOTYPES = YES;
				CLANG_WARN_SUSPICIOUS_MOVE = YES;
				CLANG_WARN_UNGUARDED_AVAILABILITY = YES_AGGRESSIVE;
				CLANG_WARN_UNREACHABLE_CODE = YES;
				CLANG_WARN__DUPLICATE_METHOD_MATCH = YES;
				COPY_PHASE_STRIP = NO;
				DEBUG_INFORMATION_FORMAT = dwarf;
				ENABLE_STRICT_OBJC_MSGSEND = YES;
				ENABLE_TESTABILITY = YES;
				GCC_C_LANGUAGE_STANDARD = gnu11;
				GCC_DYNAMIC_NO_PIC = NO;
				GCC_NO_COMMON_BLOCKS = YES;
				GCC_OPTIMIZATION_LEVEL = 0;
				GCC_PREPROCESSOR_DEFINITIONS = (
					"DEBUG=1",
					"$(inherited)",
				);
				GCC_WARN_64_TO_32_BIT_CONVERSION = YES;
				GCC_WARN_ABOUT_RETURN_TYPE = YES_ERROR;
				GCC_WARN_UNDECLARED_SELECTOR = YES;
				GCC_WARN_UNINITIALIZED_AUTOS = YES_AGGRESSIVE;
				GCC_WARN_UNUSED_FUNCTION = YES;
				GCC_WARN_UNUSED_VARIABLE = YES;
				IPHONEOS_DEPLOYMENT_TARGET = 14.4;
				MTL_ENABLE_DEBUG_INFO = INCLUDE_SOURCE;
				MTL_FAST_MATH = YES;
				ONLY_ACTIVE_ARCH = YES;
				SDKROOT = iphoneos;
				SWIFT_ACTIVE_COMPILATION_CONDITIONS = DEBUG;
				SWIFT_OPTIMIZATION_LEVEL = "-Onone";
			};
			name = Debug;
		};
		3AB0141F25DEF682006F4C25 /* Release */ = {
			isa = XCBuildConfiguration;
			buildSettings = {
				ALWAYS_SEARCH_USER_PATHS = NO;
				CLANG_ANALYZER_NONNULL = YES;
				CLANG_ANALYZER_NUMBER_OBJECT_CONVERSION = YES_AGGRESSIVE;
				CLANG_CXX_LANGUAGE_STANDARD = "gnu++14";
				CLANG_CXX_LIBRARY = "libc++";
				CLANG_ENABLE_MODULES = YES;
				CLANG_ENABLE_OBJC_ARC = YES;
				CLANG_ENABLE_OBJC_WEAK = YES;
				CLANG_WARN_BLOCK_CAPTURE_AUTORELEASING = YES;
				CLANG_WARN_BOOL_CONVERSION = YES;
				CLANG_WARN_COMMA = YES;
				CLANG_WARN_CONSTANT_CONVERSION = YES;
				CLANG_WARN_DEPRECATED_OBJC_IMPLEMENTATIONS = YES;
				CLANG_WARN_DIRECT_OBJC_ISA_USAGE = YES_ERROR;
				CLANG_WARN_DOCUMENTATION_COMMENTS = YES;
				CLANG_WARN_EMPTY_BODY = YES;
				CLANG_WARN_ENUM_CONVERSION = YES;
				CLANG_WARN_INFINITE_RECURSION = YES;
				CLANG_WARN_INT_CONVERSION = YES;
				CLANG_WARN_NON_LITERAL_NULL_CONVERSION = YES;
				CLANG_WARN_OBJC_IMPLICIT_RETAIN_SELF = YES;
				CLANG_WARN_OBJC_LITERAL_CONVERSION = YES;
				CLANG_WARN_OBJC_ROOT_CLASS = YES_ERROR;
				CLANG_WARN_QUOTED_INCLUDE_IN_FRAMEWORK_HEADER = YES;
				CLANG_WARN_RANGE_LOOP_ANALYSIS = YES;
				CLANG_WARN_STRICT_PROTOTYPES = YES;
				CLANG_WARN_SUSPICIOUS_MOVE = YES;
				CLANG_WARN_UNGUARDED_AVAILABILITY = YES_AGGRESSIVE;
				CLANG_WARN_UNREACHABLE_CODE = YES;
				CLANG_WARN__DUPLICATE_METHOD_MATCH = YES;
				COPY_PHASE_STRIP = NO;
				DEBUG_INFORMATION_FORMAT = "dwarf-with-dsym";
				ENABLE_NS_ASSERTIONS = NO;
				ENABLE_STRICT_OBJC_MSGSEND = YES;
				GCC_C_LANGUAGE_STANDARD = gnu11;
				GCC_NO_COMMON_BLOCKS = YES;
				GCC_WARN_64_TO_32_BIT_CONVERSION = YES;
				GCC_WARN_ABOUT_RETURN_TYPE = YES_ERROR;
				GCC_WARN_UNDECLARED_SELECTOR = YES;
				GCC_WARN_UNINITIALIZED_AUTOS = YES_AGGRESSIVE;
				GCC_WARN_UNUSED_FUNCTION = YES;
				GCC_WARN_UNUSED_VARIABLE = YES;
				IPHONEOS_DEPLOYMENT_TARGET = 14.4;
				MTL_ENABLE_DEBUG_INFO = NO;
				MTL_FAST_MATH = YES;
				SDKROOT = iphoneos;
				SWIFT_COMPILATION_MODE = wholemodule;
				SWIFT_OPTIMIZATION_LEVEL = "-O";
				VALIDATE_PRODUCT = YES;
			};
			name = Release;
		};
		3AB0142125DEF682006F4C25 /* Debug */ = {
			isa = XCBuildConfiguration;
			buildSettings = {
				ASSETCATALOG_COMPILER_APPICON_NAME = AppIcon;
				ASSETCATALOG_COMPILER_GLOBAL_ACCENT_COLOR_NAME = AccentColor;
				CODE_SIGN_IDENTITY = "Apple Development";
				CODE_SIGN_STYLE = Automatic;
				DEVELOPMENT_TEAM = NZ34M8AX57;
				INFOPLIST_FILE = Questionnaire/Info.plist;
				LD_RUNPATH_SEARCH_PATHS = (
					"$(inherited)",
					"@executable_path/Frameworks",
				);
				PRODUCT_BUNDLE_IDENTIFIER = "Igor-A-Penkin.Questionnaire.ru";
				PRODUCT_NAME = "$(TARGET_NAME)";
				PROVISIONING_PROFILE_SPECIFIER = "";
				SWIFT_VERSION = 5.0;
				TARGETED_DEVICE_FAMILY = 1;
			};
			name = Debug;
		};
		3AB0142225DEF682006F4C25 /* Release */ = {
			isa = XCBuildConfiguration;
			buildSettings = {
				ASSETCATALOG_COMPILER_APPICON_NAME = AppIcon;
				ASSETCATALOG_COMPILER_GLOBAL_ACCENT_COLOR_NAME = AccentColor;
				CODE_SIGN_IDENTITY = "Apple Development";
				CODE_SIGN_STYLE = Automatic;
				DEVELOPMENT_TEAM = NZ34M8AX57;
				INFOPLIST_FILE = Questionnaire/Info.plist;
				LD_RUNPATH_SEARCH_PATHS = (
					"$(inherited)",
					"@executable_path/Frameworks",
				);
				PRODUCT_BUNDLE_IDENTIFIER = "Igor-A-Penkin.Questionnaire.ru";
				PRODUCT_NAME = "$(TARGET_NAME)";
				PROVISIONING_PROFILE_SPECIFIER = "";
				SWIFT_VERSION = 5.0;
				TARGETED_DEVICE_FAMILY = 1;
			};
			name = Release;
		};
/* End XCBuildConfiguration section */

/* Begin XCConfigurationList section */
		3AB0140725DEF67E006F4C25 /* Build configuration list for PBXProject "Questionnaire" */ = {
			isa = XCConfigurationList;
			buildConfigurations = (
				3AB0141E25DEF682006F4C25 /* Debug */,
				3AB0141F25DEF682006F4C25 /* Release */,
			);
			defaultConfigurationIsVisible = 0;
			defaultConfigurationName = Release;
		};
		3AB0142025DEF682006F4C25 /* Build configuration list for PBXNativeTarget "Questionnaire" */ = {
			isa = XCConfigurationList;
			buildConfigurations = (
				3AB0142125DEF682006F4C25 /* Debug */,
				3AB0142225DEF682006F4C25 /* Release */,
			);
			defaultConfigurationIsVisible = 0;
			defaultConfigurationName = Release;
		};
/* End XCConfigurationList section */
	};
	rootObject = 3AB0140425DEF67E006F4C25 /* Project object */;
}
